
Microsoft Visual Studio Solution File, Format Version 12.00
# Visual Studio 2012
Project("{FAE04EC0-301F-11D3-BF4B-00C04F79EFBC}") = "Beetle.Express2.0", "Beetle.Express2.0\Beetle.Express2.0.csproj", "{5EACC66E-1D6C-469A-B807-D42FFEE9063F}"
EndProject
Project("{FAE04EC0-301F-11D3-BF4B-00C04F79EFBC}") = "Beetle.Express4.0", "Beetle.Express4.0\Beetle.Express4.0.csproj", "{6DCE913C-FDA3-4F26-9059-11F9B03BA670}"
EndProject
Global
	GlobalSection(SolutionConfigurationPlatforms) = preSolution
		Debug|Any CPU = Debug|Any CPU
		Debug|Mixed Platforms = Debug|Mixed Platforms
		Debug|x86 = Debug|x86
		Release|Any CPU = Release|Any CPU
		Release|Mixed Platforms = Release|Mixed Platforms
		Release|x86 = Release|x86
	EndGlobalSection
	GlobalSection(ProjectConfigurationPlatforms) = postSolution
		{5EACC66E-1D6C-469A-B807-D42FFEE9063F}.Debug|Any CPU.ActiveCfg = Debug|Any CPU
		{5EACC66E-1D6C-469A-B807-D42FFEE9063F}.Debug|Any CPU.Build.0 = Debug|Any CPU
		{5EACC66E-1D6C-469A-B807-D42FFEE9063F}.Debug|Mixed Platforms.ActiveCfg = Debug|Any CPU
		{5EACC66E-1D6C-469A-B807-D42FFEE9063F}.Debug|Mixed Platforms.Build.0 = Debug|Any CPU
		{5EACC66E-1D6C-469A-B807-D42FFEE9063F}.Debug|x86.ActiveCfg = Debug|Any CPU
		{5EACC66E-1D6C-469A-B807-D42FFEE9063F}.Release|Any CPU.ActiveCfg = Release|Any CPU
		{5EACC66E-1D6C-469A-B807-D42FFEE9063F}.Release|Any CPU.Build.0 = Release|Any CPU
		{5EACC66E-1D6C-469A-B807-D42FFEE9063F}.Release|Mixed Platforms.ActiveCfg = Release|Any CPU
		{5EACC66E-1D6C-469A-B807-D42FFEE9063F}.Release|Mixed Platforms.Build.0 = Release|Any CPU
		{5EACC66E-1D6C-469A-B807-D42FFEE9063F}.Release|x86.ActiveCfg = Release|Any CPU
		{6DCE913C-FDA3-4F26-9059-11F9B03BA670}.Debug|Any CPU.ActiveCfg = Debug|Any CPU
		{6DCE913C-FDA3-4F26-9059-11F9B03BA670}.Debug|Any CPU.Build.0 = Debug|Any CPU
		{6DCE913C-FDA3-4F26-9059-11F9B03BA670}.Debug|Mixed Platforms.ActiveCfg = Debug|Any CPU
		{6DCE913C-FDA3-4F26-9059-11F9B03BA670}.Debug|Mixed Platforms.Build.0 = Debug|Any CPU
		{6DCE913C-FDA3-4F26-9059-11F9B03BA670}.Debug|x86.ActiveCfg = Debug|Any CPU
		{6DCE913C-FDA3-4F26-9059-11F9B03BA670}.Release|Any CPU.ActiveCfg = Release|Any CPU
		{6DCE913C-FDA3-4F26-9059-11F9B03BA670}.Release|Any CPU.Build.0 = Release|Any CPU
		{6DCE913C-FDA3-4F26-9059-11F9B03BA670}.Release|Mixed Platforms.ActiveCfg = Release|Any CPU
		{6DCE913C-FDA3-4F26-9059-11F9B03BA670}.Release|Mixed Platforms.Build.0 = Release|Any CPU
		{6DCE913C-FDA3-4F26-9059-11F9B03BA670}.Release|x86.ActiveCfg = Release|Any CPU
	EndGlobalSection
	GlobalSection(SolutionProperties) = preSolution
		HideSolutionNode = FALSE
	EndGlobalSection
EndGlobal
